// !$*UTF8*$!
{
	archiveVersion = 1;
	classes = {
	};
	objectVersion = 56;
	objects = {

/* Begin PBXBuildFile section */
		4C0119A02AC5AA45004A94C4 /* RootWindowController.m in Sources */ = {isa = PBXBuildFile; fileRef = 4C01199E2AC5AA45004A94C4 /* RootWindowController.m */; };
		4C0119A12AC5AA45004A94C4 /* RootWindowController.m in Sources */ = {isa = PBXBuildFile; fileRef = 4C01199E2AC5AA45004A94C4 /* RootWindowController.m */; };
		4C0119A22AC5AA45004A94C4 /* RootWindowController.xib in Resources */ = {isa = PBXBuildFile; fileRef = 4C01199F2AC5AA45004A94C4 /* RootWindowController.xib */; };
		4C0119A32AC5AA45004A94C4 /* RootWindowController.xib in Resources */ = {isa = PBXBuildFile; fileRef = 4C01199F2AC5AA45004A94C4 /* RootWindowController.xib */; };
		4C0119A82AC5AC14004A94C4 /* SidebarController.m in Sources */ = {isa = PBXBuildFile; fileRef = 4C0119A62AC5AC14004A94C4 /* SidebarController.m */; };
		4C0119A92AC5AC14004A94C4 /* SidebarController.m in Sources */ = {isa = PBXBuildFile; fileRef = 4C0119A62AC5AC14004A94C4 /* SidebarController.m */; };
		4C0119AA2AC5AC14004A94C4 /* SidebarController.xib in Resources */ = {isa = PBXBuildFile; fileRef = 4C0119A72AC5AC14004A94C4 /* SidebarController.xib */; };
		4C0119AB2AC5AC14004A94C4 /* SidebarController.xib in Resources */ = {isa = PBXBuildFile; fileRef = 4C0119A72AC5AC14004A94C4 /* SidebarController.xib */; };
		4C0119B22AC5AC51004A94C4 /* ItemsDisplayController.m in Sources */ = {isa = PBXBuildFile; fileRef = 4C0119B02AC5AC51004A94C4 /* ItemsDisplayController.m */; };
		4C0119B32AC5AC51004A94C4 /* ItemsDisplayController.m in Sources */ = {isa = PBXBuildFile; fileRef = 4C0119B02AC5AC51004A94C4 /* ItemsDisplayController.m */; };
		4C0119B42AC5AC51004A94C4 /* ItemsDisplayController.xib in Resources */ = {isa = PBXBuildFile; fileRef = 4C0119B12AC5AC51004A94C4 /* ItemsDisplayController.xib */; };
		4C0119B52AC5AC51004A94C4 /* ItemsDisplayController.xib in Resources */ = {isa = PBXBuildFile; fileRef = 4C0119B12AC5AC51004A94C4 /* ItemsDisplayController.xib */; };
		4C0119B92AC5AC5E004A94C4 /* DetailsController.m in Sources */ = {isa = PBXBuildFile; fileRef = 4C0119B72AC5AC5E004A94C4 /* DetailsController.m */; };
		4C0119BA2AC5AC5E004A94C4 /* DetailsController.m in Sources */ = {isa = PBXBuildFile; fileRef = 4C0119B72AC5AC5E004A94C4 /* DetailsController.m */; };
		4C0119BB2AC5AC5E004A94C4 /* DetailsController.xib in Resources */ = {isa = PBXBuildFile; fileRef = 4C0119B82AC5AC5E004A94C4 /* DetailsController.xib */; };
		4C0119BC2AC5AC5E004A94C4 /* DetailsController.xib in Resources */ = {isa = PBXBuildFile; fileRef = 4C0119B82AC5AC5E004A94C4 /* DetailsController.xib */; };
		4C0119FC2AC5B12E004A94C4 /* GridViewController.m in Sources */ = {isa = PBXBuildFile; fileRef = 4C0119FA2AC5B12E004A94C4 /* GridViewController.m */; };
		4C0119FD2AC5B12E004A94C4 /* GridViewController.m in Sources */ = {isa = PBXBuildFile; fileRef = 4C0119FA2AC5B12E004A94C4 /* GridViewController.m */; };
		4C0119FE2AC5B12E004A94C4 /* GridViewController.xib in Resources */ = {isa = PBXBuildFile; fileRef = 4C0119FB2AC5B12E004A94C4 /* GridViewController.xib */; };
		4C0119FF2AC5B12E004A94C4 /* GridViewController.xib in Resources */ = {isa = PBXBuildFile; fileRef = 4C0119FB2AC5B12E004A94C4 /* GridViewController.xib */; };
		4C011A032AC5B14B004A94C4 /* SingleViewController.m in Sources */ = {isa = PBXBuildFile; fileRef = 4C011A012AC5B14B004A94C4 /* SingleViewController.m */; };
		4C011A042AC5B14B004A94C4 /* SingleViewController.m in Sources */ = {isa = PBXBuildFile; fileRef = 4C011A012AC5B14B004A94C4 /* SingleViewController.m */; };
		4C011A052AC5B14B004A94C4 /* SingleViewController.xib in Resources */ = {isa = PBXBuildFile; fileRef = 4C011A022AC5B14B004A94C4 /* SingleViewController.xib */; };
		4C011A062AC5B14B004A94C4 /* SingleViewController.xib in Resources */ = {isa = PBXBuildFile; fileRef = 4C011A022AC5B14B004A94C4 /* SingleViewController.xib */; };
		4C011A0D2AC5D178004A94C4 /* ItemExtension.m in Sources */ = {isa = PBXBuildFile; fileRef = 4C011A0C2AC5D178004A94C4 /* ItemExtension.m */; };
		4C011A0E2AC5D178004A94C4 /* ItemExtension.m in Sources */ = {isa = PBXBuildFile; fileRef = 4C011A0C2AC5D178004A94C4 /* ItemExtension.m */; };
		4C011A0F2AC5D178004A94C4 /* ItemExtension.m in Sources */ = {isa = PBXBuildFile; fileRef = 4C011A0C2AC5D178004A94C4 /* ItemExtension.m */; };
		4C72240E2ABC266400A4AE57 /* LibraryModel.xcdatamodeld in Sources */ = {isa = PBXBuildFile; fileRef = 4CB886662ABB67E100968B0F /* LibraryModel.xcdatamodeld */; };
		4CB8861E2ABA2CA900968B0F /* OSLibraryController.m in Sources */ = {isa = PBXBuildFile; fileRef = 4CB8861D2ABA2CA900968B0F /* OSLibraryController.m */; };
		4CB8861F2ABA2CA900968B0F /* OSLibraryController.m in Sources */ = {isa = PBXBuildFile; fileRef = 4CB8861D2ABA2CA900968B0F /* OSLibraryController.m */; };
		4CB886202ABA2CA900968B0F /* OSLibraryController.m in Sources */ = {isa = PBXBuildFile; fileRef = 4CB8861D2ABA2CA900968B0F /* OSLibraryController.m */; };
		4CB886262ABACBA700968B0F /* OSLibraryViewItem.m in Sources */ = {isa = PBXBuildFile; fileRef = 4CB886242ABACBA700968B0F /* OSLibraryViewItem.m */; };
		4CB886272ABACBA700968B0F /* OSLibraryViewItem.m in Sources */ = {isa = PBXBuildFile; fileRef = 4CB886242ABACBA700968B0F /* OSLibraryViewItem.m */; };
		4CB886282ABACBA700968B0F /* OSLibraryViewItem.xib in Resources */ = {isa = PBXBuildFile; fileRef = 4CB886252ABACBA700968B0F /* OSLibraryViewItem.xib */; };
		4CB886292ABACBA700968B0F /* OSLibraryViewItem.xib in Resources */ = {isa = PBXBuildFile; fileRef = 4CB886252ABACBA700968B0F /* OSLibraryViewItem.xib */; };
		4CB886692ABB67E100968B0F /* LibraryModel.xcdatamodeld in Sources */ = {isa = PBXBuildFile; fileRef = 4CB886662ABB67E100968B0F /* LibraryModel.xcdatamodeld */; };
		4CBF17512AB5F176001F7984 /* AppDelegate.m in Sources */ = {isa = PBXBuildFile; fileRef = 4CBF17502AB5F176001F7984 /* AppDelegate.m */; };
		4CBF17532AB5F177001F7984 /* Assets.xcassets in Resources */ = {isa = PBXBuildFile; fileRef = 4CBF17522AB5F177001F7984 /* Assets.xcassets */; };
		4CBF17562AB5F177001F7984 /* MainMenu.xib in Resources */ = {isa = PBXBuildFile; fileRef = 4CBF17542AB5F177001F7984 /* MainMenu.xib */; };
		4CBF17582AB5F177001F7984 /* main.m in Sources */ = {isa = PBXBuildFile; fileRef = 4CBF17572AB5F177001F7984 /* main.m */; };
		4CBF17632AB5F177001F7984 /* OldSkoolTests.m in Sources */ = {isa = PBXBuildFile; fileRef = 4CBF17622AB5F177001F7984 /* OldSkoolTests.m */; };
		4CBF176D2AB5F177001F7984 /* OldSkoolUITests.m in Sources */ = {isa = PBXBuildFile; fileRef = 4CBF176C2AB5F177001F7984 /* OldSkoolUITests.m */; };
		4CBF176F2AB5F177001F7984 /* OldSkoolUITestsLaunchTests.m in Sources */ = {isa = PBXBuildFile; fileRef = 4CBF176E2AB5F177001F7984 /* OldSkoolUITestsLaunchTests.m */; };
/* End PBXBuildFile section */

/* Begin PBXContainerItemProxy section */
		4CBF175F2AB5F177001F7984 /* PBXContainerItemProxy */ = {
			isa = PBXContainerItemProxy;
			containerPortal = 4CBF17442AB5F176001F7984 /* Project object */;
			proxyType = 1;
			remoteGlobalIDString = 4CBF174B2AB5F176001F7984;
			remoteInfo = OldSkool;
		};
		4CBF17692AB5F177001F7984 /* PBXContainerItemProxy */ = {
			isa = PBXContainerItemProxy;
			containerPortal = 4CBF17442AB5F176001F7984 /* Project object */;
			proxyType = 1;
			remoteGlobalIDString = 4CBF174B2AB5F176001F7984;
			remoteInfo = OldSkool;
		};
/* End PBXContainerItemProxy section */

/* Begin PBXFileReference section */
		4C01199D2AC5AA45004A94C4 /* RootWindowController.h */ = {isa = PBXFileReference; lastKnownFileType = sourcecode.c.h; path = RootWindowController.h; sourceTree = "<group>"; };
		4C01199E2AC5AA45004A94C4 /* RootWindowController.m */ = {isa = PBXFileReference; lastKnownFileType = sourcecode.c.objc; path = RootWindowController.m; sourceTree = "<group>"; };
		4C01199F2AC5AA45004A94C4 /* RootWindowController.xib */ = {isa = PBXFileReference; lastKnownFileType = file.xib; path = RootWindowController.xib; sourceTree = "<group>"; };
		4C0119A52AC5AC13004A94C4 /* SidebarController.h */ = {isa = PBXFileReference; lastKnownFileType = sourcecode.c.h; path = SidebarController.h; sourceTree = "<group>"; };
		4C0119A62AC5AC14004A94C4 /* SidebarController.m */ = {isa = PBXFileReference; lastKnownFileType = sourcecode.c.objc; path = SidebarController.m; sourceTree = "<group>"; };
		4C0119A72AC5AC14004A94C4 /* SidebarController.xib */ = {isa = PBXFileReference; lastKnownFileType = file.xib; path = SidebarController.xib; sourceTree = "<group>"; };
		4C0119AF2AC5AC51004A94C4 /* ItemsDisplayController.h */ = {isa = PBXFileReference; lastKnownFileType = sourcecode.c.h; path = ItemsDisplayController.h; sourceTree = "<group>"; };
		4C0119B02AC5AC51004A94C4 /* ItemsDisplayController.m */ = {isa = PBXFileReference; lastKnownFileType = sourcecode.c.objc; path = ItemsDisplayController.m; sourceTree = "<group>"; };
		4C0119B12AC5AC51004A94C4 /* ItemsDisplayController.xib */ = {isa = PBXFileReference; lastKnownFileType = file.xib; path = ItemsDisplayController.xib; sourceTree = "<group>"; };
		4C0119B62AC5AC5E004A94C4 /* DetailsController.h */ = {isa = PBXFileReference; lastKnownFileType = sourcecode.c.h; path = DetailsController.h; sourceTree = "<group>"; };
		4C0119B72AC5AC5E004A94C4 /* DetailsController.m */ = {isa = PBXFileReference; lastKnownFileType = sourcecode.c.objc; path = DetailsController.m; sourceTree = "<group>"; };
		4C0119B82AC5AC5E004A94C4 /* DetailsController.xib */ = {isa = PBXFileReference; lastKnownFileType = file.xib; path = DetailsController.xib; sourceTree = "<group>"; };
		4C0119F92AC5B12E004A94C4 /* GridViewController.h */ = {isa = PBXFileReference; lastKnownFileType = sourcecode.c.h; path = GridViewController.h; sourceTree = "<group>"; };
		4C0119FA2AC5B12E004A94C4 /* GridViewController.m */ = {isa = PBXFileReference; lastKnownFileType = sourcecode.c.objc; path = GridViewController.m; sourceTree = "<group>"; };
		4C0119FB2AC5B12E004A94C4 /* GridViewController.xib */ = {isa = PBXFileReference; lastKnownFileType = file.xib; path = GridViewController.xib; sourceTree = "<group>"; };
		4C011A002AC5B14B004A94C4 /* SingleViewController.h */ = {isa = PBXFileReference; lastKnownFileType = sourcecode.c.h; path = SingleViewController.h; sourceTree = "<group>"; };
		4C011A012AC5B14B004A94C4 /* SingleViewController.m */ = {isa = PBXFileReference; lastKnownFileType = sourcecode.c.objc; path = SingleViewController.m; sourceTree = "<group>"; };
		4C011A022AC5B14B004A94C4 /* SingleViewController.xib */ = {isa = PBXFileReference; lastKnownFileType = file.xib; path = SingleViewController.xib; sourceTree = "<group>"; };
		4C011A0B2AC5D178004A94C4 /* ItemExtension.h */ = {isa = PBXFileReference; lastKnownFileType = sourcecode.c.h; path = ItemExtension.h; sourceTree = "<group>"; };
		4C011A0C2AC5D178004A94C4 /* ItemExtension.m */ = {isa = PBXFileReference; lastKnownFileType = sourcecode.c.objc; path = ItemExtension.m; sourceTree = "<group>"; };
		4C9D91F12AC2C9B400E42251 /* Bothlin.entitlements */ = {isa = PBXFileReference; fileEncoding = 4; lastKnownFileType = text.plist.entitlements; path = Bothlin.entitlements; sourceTree = "<group>"; };
		4CB8861C2ABA2CA900968B0F /* OSLibraryController.h */ = {isa = PBXFileReference; lastKnownFileType = sourcecode.c.h; path = OSLibraryController.h; sourceTree = "<group>"; };
		4CB8861D2ABA2CA900968B0F /* OSLibraryController.m */ = {isa = PBXFileReference; lastKnownFileType = sourcecode.c.objc; path = OSLibraryController.m; sourceTree = "<group>"; };
		4CB886232ABACBA700968B0F /* OSLibraryViewItem.h */ = {isa = PBXFileReference; lastKnownFileType = sourcecode.c.h; path = OSLibraryViewItem.h; sourceTree = "<group>"; };
		4CB886242ABACBA700968B0F /* OSLibraryViewItem.m */ = {isa = PBXFileReference; lastKnownFileType = sourcecode.c.objc; path = OSLibraryViewItem.m; sourceTree = "<group>"; };
		4CB886252ABACBA700968B0F /* OSLibraryViewItem.xib */ = {isa = PBXFileReference; lastKnownFileType = file.xib; path = OSLibraryViewItem.xib; sourceTree = "<group>"; };
		4CB886672ABB67E100968B0F /* LibraryModel.xcdatamodel */ = {isa = PBXFileReference; lastKnownFileType = wrapper.xcdatamodel; path = LibraryModel.xcdatamodel; sourceTree = "<group>"; };
		4CBF174C2AB5F176001F7984 /* Bothlin.app */ = {isa = PBXFileReference; explicitFileType = wrapper.application; includeInIndex = 0; path = Bothlin.app; sourceTree = BUILT_PRODUCTS_DIR; };
		4CBF174F2AB5F176001F7984 /* AppDelegate.h */ = {isa = PBXFileReference; lastKnownFileType = sourcecode.c.h; path = AppDelegate.h; sourceTree = "<group>"; };
		4CBF17502AB5F176001F7984 /* AppDelegate.m */ = {isa = PBXFileReference; lastKnownFileType = sourcecode.c.objc; path = AppDelegate.m; sourceTree = "<group>"; };
		4CBF17522AB5F177001F7984 /* Assets.xcassets */ = {isa = PBXFileReference; lastKnownFileType = folder.assetcatalog; path = Assets.xcassets; sourceTree = "<group>"; };
		4CBF17552AB5F177001F7984 /* Base */ = {isa = PBXFileReference; lastKnownFileType = file.xib; name = Base; path = Base.lproj/MainMenu.xib; sourceTree = "<group>"; };
		4CBF17572AB5F177001F7984 /* main.m */ = {isa = PBXFileReference; lastKnownFileType = sourcecode.c.objc; path = main.m; sourceTree = "<group>"; };
		4CBF175E2AB5F177001F7984 /* BothlinTests.xctest */ = {isa = PBXFileReference; explicitFileType = wrapper.cfbundle; includeInIndex = 0; path = BothlinTests.xctest; sourceTree = BUILT_PRODUCTS_DIR; };
		4CBF17622AB5F177001F7984 /* OldSkoolTests.m */ = {isa = PBXFileReference; lastKnownFileType = sourcecode.c.objc; path = OldSkoolTests.m; sourceTree = "<group>"; };
		4CBF17682AB5F177001F7984 /* BothlinUITests.xctest */ = {isa = PBXFileReference; explicitFileType = wrapper.cfbundle; includeInIndex = 0; path = BothlinUITests.xctest; sourceTree = BUILT_PRODUCTS_DIR; };
		4CBF176C2AB5F177001F7984 /* OldSkoolUITests.m */ = {isa = PBXFileReference; lastKnownFileType = sourcecode.c.objc; path = OldSkoolUITests.m; sourceTree = "<group>"; };
		4CBF176E2AB5F177001F7984 /* OldSkoolUITestsLaunchTests.m */ = {isa = PBXFileReference; lastKnownFileType = sourcecode.c.objc; path = OldSkoolUITestsLaunchTests.m; sourceTree = "<group>"; };
/* End PBXFileReference section */

/* Begin PBXFrameworksBuildPhase section */
		4CBF17492AB5F176001F7984 /* Frameworks */ = {
			isa = PBXFrameworksBuildPhase;
			buildActionMask = 2147483647;
			files = (
			);
			runOnlyForDeploymentPostprocessing = 0;
		};
		4CBF175B2AB5F177001F7984 /* Frameworks */ = {
			isa = PBXFrameworksBuildPhase;
			buildActionMask = 2147483647;
			files = (
			);
			runOnlyForDeploymentPostprocessing = 0;
		};
		4CBF17652AB5F177001F7984 /* Frameworks */ = {
			isa = PBXFrameworksBuildPhase;
			buildActionMask = 2147483647;
			files = (
			);
			runOnlyForDeploymentPostprocessing = 0;
		};
/* End PBXFrameworksBuildPhase section */

/* Begin PBXGroup section */
		4C01199C2AC5AA18004A94C4 /* Window */ = {
			isa = PBXGroup;
			children = (
				4C01199F2AC5AA45004A94C4 /* RootWindowController.xib */,
				4C01199D2AC5AA45004A94C4 /* RootWindowController.h */,
				4C01199E2AC5AA45004A94C4 /* RootWindowController.m */,
			);
			path = Window;
			sourceTree = "<group>";
		};
		4C0119A42AC5ABF0004A94C4 /* ViewControllers */ = {
			isa = PBXGroup;
			children = (
				4C0119AE2AC5AC31004A94C4 /* Detail */,
				4C0119AD2AC5AC28004A94C4 /* Main */,
				4C0119AC2AC5AC1A004A94C4 /* Sidebar */,
			);
			path = ViewControllers;
			sourceTree = "<group>";
		};
		4C0119AC2AC5AC1A004A94C4 /* Sidebar */ = {
			isa = PBXGroup;
			children = (
				4C0119A52AC5AC13004A94C4 /* SidebarController.h */,
				4C0119A62AC5AC14004A94C4 /* SidebarController.m */,
				4C0119A72AC5AC14004A94C4 /* SidebarController.xib */,
			);
			path = Sidebar;
			sourceTree = "<group>";
		};
		4C0119AD2AC5AC28004A94C4 /* Main */ = {
			isa = PBXGroup;
			children = (
				4C0119B12AC5AC51004A94C4 /* ItemsDisplayController.xib */,
				4C0119AF2AC5AC51004A94C4 /* ItemsDisplayController.h */,
				4C0119B02AC5AC51004A94C4 /* ItemsDisplayController.m */,
				4C0119FB2AC5B12E004A94C4 /* GridViewController.xib */,
				4C0119F92AC5B12E004A94C4 /* GridViewController.h */,
				4C0119FA2AC5B12E004A94C4 /* GridViewController.m */,
				4C011A022AC5B14B004A94C4 /* SingleViewController.xib */,
				4C011A002AC5B14B004A94C4 /* SingleViewController.h */,
				4C011A012AC5B14B004A94C4 /* SingleViewController.m */,
			);
			path = Main;
			sourceTree = "<group>";
		};
		4C0119AE2AC5AC31004A94C4 /* Detail */ = {
			isa = PBXGroup;
			children = (
				4C0119B62AC5AC5E004A94C4 /* DetailsController.h */,
				4C0119B72AC5AC5E004A94C4 /* DetailsController.m */,
				4C0119B82AC5AC5E004A94C4 /* DetailsController.xib */,
			);
			path = Detail;
			sourceTree = "<group>";
		};
		4CB886222ABACB7A00968B0F /* Views */ = {
			isa = PBXGroup;
			children = (
				4CB886252ABACBA700968B0F /* OSLibraryViewItem.xib */,
				4CB886232ABACBA700968B0F /* OSLibraryViewItem.h */,
				4CB886242ABACBA700968B0F /* OSLibraryViewItem.m */,
			);
			path = Views;
			sourceTree = "<group>";
		};
		4CB8862A2ABACBBA00968B0F /* Model */ = {
			isa = PBXGroup;
			children = (
				4CB886662ABB67E100968B0F /* LibraryModel.xcdatamodeld */,
				4C011A0B2AC5D178004A94C4 /* ItemExtension.h */,
				4C011A0C2AC5D178004A94C4 /* ItemExtension.m */,
				4CB8861C2ABA2CA900968B0F /* OSLibraryController.h */,
				4CB8861D2ABA2CA900968B0F /* OSLibraryController.m */,
			);
			path = Model;
			sourceTree = "<group>";
		};
		4CBF17432AB5F176001F7984 = {
			isa = PBXGroup;
			children = (
				4CBF174E2AB5F176001F7984 /* Bothlin */,
				4CBF17612AB5F177001F7984 /* BothlinTests */,
				4CBF176B2AB5F177001F7984 /* BothlinUITests */,
				4CBF174D2AB5F176001F7984 /* Products */,
			);
			sourceTree = "<group>";
		};
		4CBF174D2AB5F176001F7984 /* Products */ = {
			isa = PBXGroup;
			children = (
				4CBF174C2AB5F176001F7984 /* Bothlin.app */,
				4CBF175E2AB5F177001F7984 /* BothlinTests.xctest */,
				4CBF17682AB5F177001F7984 /* BothlinUITests.xctest */,
			);
			name = Products;
			sourceTree = "<group>";
		};
		4CBF174E2AB5F176001F7984 /* Bothlin */ = {
			isa = PBXGroup;
			children = (
				4C0119A42AC5ABF0004A94C4 /* ViewControllers */,
				4C01199C2AC5AA18004A94C4 /* Window */,
				4CB8862A2ABACBBA00968B0F /* Model */,
				4CB886222ABACB7A00968B0F /* Views */,
				4CBF174F2AB5F176001F7984 /* AppDelegate.h */,
				4CBF17502AB5F176001F7984 /* AppDelegate.m */,
				4CBF17522AB5F177001F7984 /* Assets.xcassets */,
				4CBF17542AB5F177001F7984 /* MainMenu.xib */,
				4CBF17572AB5F177001F7984 /* main.m */,
				4C9D91F12AC2C9B400E42251 /* Bothlin.entitlements */,
			);
			path = Bothlin;
			sourceTree = "<group>";
		};
		4CBF17612AB5F177001F7984 /* BothlinTests */ = {
			isa = PBXGroup;
			children = (
				4CBF17622AB5F177001F7984 /* OldSkoolTests.m */,
			);
			path = BothlinTests;
			sourceTree = "<group>";
		};
		4CBF176B2AB5F177001F7984 /* BothlinUITests */ = {
			isa = PBXGroup;
			children = (
				4CBF176C2AB5F177001F7984 /* OldSkoolUITests.m */,
				4CBF176E2AB5F177001F7984 /* OldSkoolUITestsLaunchTests.m */,
			);
			path = BothlinUITests;
			sourceTree = "<group>";
		};
/* End PBXGroup section */

/* Begin PBXNativeTarget section */
		4CBF174B2AB5F176001F7984 /* Bothlin */ = {
			isa = PBXNativeTarget;
			buildConfigurationList = 4CBF17722AB5F177001F7984 /* Build configuration list for PBXNativeTarget "Bothlin" */;
			buildPhases = (
				4CBF17482AB5F176001F7984 /* Sources */,
				4CBF17492AB5F176001F7984 /* Frameworks */,
				4CBF174A2AB5F176001F7984 /* Resources */,
			);
			buildRules = (
			);
			dependencies = (
			);
			name = Bothlin;
			productName = OldSkool;
			productReference = 4CBF174C2AB5F176001F7984 /* Bothlin.app */;
			productType = "com.apple.product-type.application";
		};
		4CBF175D2AB5F177001F7984 /* BothlinTests */ = {
			isa = PBXNativeTarget;
			buildConfigurationList = 4CBF17752AB5F177001F7984 /* Build configuration list for PBXNativeTarget "BothlinTests" */;
			buildPhases = (
				4CBF175A2AB5F177001F7984 /* Sources */,
				4CBF175B2AB5F177001F7984 /* Frameworks */,
				4CBF175C2AB5F177001F7984 /* Resources */,
			);
			buildRules = (
			);
			dependencies = (
				4CBF17602AB5F177001F7984 /* PBXTargetDependency */,
			);
			name = BothlinTests;
			productName = OldSkoolTests;
			productReference = 4CBF175E2AB5F177001F7984 /* BothlinTests.xctest */;
			productType = "com.apple.product-type.bundle.unit-test";
		};
		4CBF17672AB5F177001F7984 /* BothlinUITests */ = {
			isa = PBXNativeTarget;
			buildConfigurationList = 4CBF17782AB5F177001F7984 /* Build configuration list for PBXNativeTarget "BothlinUITests" */;
			buildPhases = (
				4CBF17642AB5F177001F7984 /* Sources */,
				4CBF17652AB5F177001F7984 /* Frameworks */,
				4CBF17662AB5F177001F7984 /* Resources */,
			);
			buildRules = (
			);
			dependencies = (
				4CBF176A2AB5F177001F7984 /* PBXTargetDependency */,
			);
			name = BothlinUITests;
			productName = OldSkoolUITests;
			productReference = 4CBF17682AB5F177001F7984 /* BothlinUITests.xctest */;
			productType = "com.apple.product-type.bundle.ui-testing";
		};
/* End PBXNativeTarget section */

/* Begin PBXProject section */
		4CBF17442AB5F176001F7984 /* Project object */ = {
			isa = PBXProject;
			attributes = {
				BuildIndependentTargetsInParallel = 1;
				LastUpgradeCheck = 1500;
				TargetAttributes = {
					4CBF174B2AB5F176001F7984 = {
						CreatedOnToolsVersion = 14.3.1;
					};
					4CBF175D2AB5F177001F7984 = {
						CreatedOnToolsVersion = 14.3.1;
						TestTargetID = 4CBF174B2AB5F176001F7984;
					};
					4CBF17672AB5F177001F7984 = {
						CreatedOnToolsVersion = 14.3.1;
						TestTargetID = 4CBF174B2AB5F176001F7984;
					};
				};
			};
			buildConfigurationList = 4CBF17472AB5F176001F7984 /* Build configuration list for PBXProject "Bothlin" */;
			compatibilityVersion = "Xcode 14.0";
			developmentRegion = en;
			hasScannedForEncodings = 0;
			knownRegions = (
				en,
				Base,
			);
			mainGroup = 4CBF17432AB5F176001F7984;
			productRefGroup = 4CBF174D2AB5F176001F7984 /* Products */;
			projectDirPath = "";
			projectRoot = "";
			targets = (
				4CBF174B2AB5F176001F7984 /* Bothlin */,
				4CBF175D2AB5F177001F7984 /* BothlinTests */,
				4CBF17672AB5F177001F7984 /* BothlinUITests */,
			);
		};
/* End PBXProject section */

/* Begin PBXResourcesBuildPhase section */
		4CBF174A2AB5F176001F7984 /* Resources */ = {
			isa = PBXResourcesBuildPhase;
			buildActionMask = 2147483647;
			files = (
				4CBF17532AB5F177001F7984 /* Assets.xcassets in Resources */,
				4C0119A22AC5AA45004A94C4 /* RootWindowController.xib in Resources */,
				4C0119AA2AC5AC14004A94C4 /* SidebarController.xib in Resources */,
				4C0119BB2AC5AC5E004A94C4 /* DetailsController.xib in Resources */,
				4C0119FE2AC5B12E004A94C4 /* GridViewController.xib in Resources */,
				4CBF17562AB5F177001F7984 /* MainMenu.xib in Resources */,
				4CB886282ABACBA700968B0F /* OSLibraryViewItem.xib in Resources */,
				4C0119B42AC5AC51004A94C4 /* ItemsDisplayController.xib in Resources */,
				4C011A052AC5B14B004A94C4 /* SingleViewController.xib in Resources */,
			);
			runOnlyForDeploymentPostprocessing = 0;
		};
		4CBF175C2AB5F177001F7984 /* Resources */ = {
			isa = PBXResourcesBuildPhase;
			buildActionMask = 2147483647;
			files = (
			);
			runOnlyForDeploymentPostprocessing = 0;
		};
		4CBF17662AB5F177001F7984 /* Resources */ = {
			isa = PBXResourcesBuildPhase;
			buildActionMask = 2147483647;
			files = (
				4C0119AB2AC5AC14004A94C4 /* SidebarController.xib in Resources */,
				4CB886292ABACBA700968B0F /* OSLibraryViewItem.xib in Resources */,
				4C0119FF2AC5B12E004A94C4 /* GridViewController.xib in Resources */,
				4C0119BC2AC5AC5E004A94C4 /* DetailsController.xib in Resources */,
				4C011A062AC5B14B004A94C4 /* SingleViewController.xib in Resources */,
				4C0119A32AC5AA45004A94C4 /* RootWindowController.xib in Resources */,
				4C0119B52AC5AC51004A94C4 /* ItemsDisplayController.xib in Resources */,
			);
			runOnlyForDeploymentPostprocessing = 0;
		};
/* End PBXResourcesBuildPhase section */

/* Begin PBXSourcesBuildPhase section */
		4CBF17482AB5F176001F7984 /* Sources */ = {
			isa = PBXSourcesBuildPhase;
			buildActionMask = 2147483647;
			files = (
				4C0119A02AC5AA45004A94C4 /* RootWindowController.m in Sources */,
				4CB886262ABACBA700968B0F /* OSLibraryViewItem.m in Sources */,
				4C011A032AC5B14B004A94C4 /* SingleViewController.m in Sources */,
				4C011A0D2AC5D178004A94C4 /* ItemExtension.m in Sources */,
				4CBF17582AB5F177001F7984 /* main.m in Sources */,
				4C0119B92AC5AC5E004A94C4 /* DetailsController.m in Sources */,
				4C0119A82AC5AC14004A94C4 /* SidebarController.m in Sources */,
				4CBF17512AB5F176001F7984 /* AppDelegate.m in Sources */,
				4CB8861E2ABA2CA900968B0F /* OSLibraryController.m in Sources */,
				4C72240E2ABC266400A4AE57 /* LibraryModel.xcdatamodeld in Sources */,
				4C0119FC2AC5B12E004A94C4 /* GridViewController.m in Sources */,
				4C0119B22AC5AC51004A94C4 /* ItemsDisplayController.m in Sources */,
			);
			runOnlyForDeploymentPostprocessing = 0;
		};
		4CBF175A2AB5F177001F7984 /* Sources */ = {
			isa = PBXSourcesBuildPhase;
			buildActionMask = 2147483647;
			files = (
				4CBF17632AB5F177001F7984 /* OldSkoolTests.m in Sources */,
				4CB8861F2ABA2CA900968B0F /* OSLibraryController.m in Sources */,
				4C011A0E2AC5D178004A94C4 /* ItemExtension.m in Sources */,
			);
			runOnlyForDeploymentPostprocessing = 0;
		};
		4CBF17642AB5F177001F7984 /* Sources */ = {
			isa = PBXSourcesBuildPhase;
			buildActionMask = 2147483647;
			files = (
				4C0119A12AC5AA45004A94C4 /* RootWindowController.m in Sources */,
				4CB886272ABACBA700968B0F /* OSLibraryViewItem.m in Sources */,
				4C011A042AC5B14B004A94C4 /* SingleViewController.m in Sources */,
				4C011A0F2AC5D178004A94C4 /* ItemExtension.m in Sources */,
				4CB886692ABB67E100968B0F /* LibraryModel.xcdatamodeld in Sources */,
				4C0119BA2AC5AC5E004A94C4 /* DetailsController.m in Sources */,
				4C0119A92AC5AC14004A94C4 /* SidebarController.m in Sources */,
				4CBF176D2AB5F177001F7984 /* OldSkoolUITests.m in Sources */,
				4CBF176F2AB5F177001F7984 /* OldSkoolUITestsLaunchTests.m in Sources */,
				4CB886202ABA2CA900968B0F /* OSLibraryController.m in Sources */,
				4C0119FD2AC5B12E004A94C4 /* GridViewController.m in Sources */,
				4C0119B32AC5AC51004A94C4 /* ItemsDisplayController.m in Sources */,
			);
			runOnlyForDeploymentPostprocessing = 0;
		};
/* End PBXSourcesBuildPhase section */

/* Begin PBXTargetDependency section */
		4CBF17602AB5F177001F7984 /* PBXTargetDependency */ = {
			isa = PBXTargetDependency;
			target = 4CBF174B2AB5F176001F7984 /* Bothlin */;
			targetProxy = 4CBF175F2AB5F177001F7984 /* PBXContainerItemProxy */;
		};
		4CBF176A2AB5F177001F7984 /* PBXTargetDependency */ = {
			isa = PBXTargetDependency;
			target = 4CBF174B2AB5F176001F7984 /* Bothlin */;
			targetProxy = 4CBF17692AB5F177001F7984 /* PBXContainerItemProxy */;
		};
/* End PBXTargetDependency section */

/* Begin PBXVariantGroup section */
		4CBF17542AB5F177001F7984 /* MainMenu.xib */ = {
			isa = PBXVariantGroup;
			children = (
				4CBF17552AB5F177001F7984 /* Base */,
			);
			name = MainMenu.xib;
			sourceTree = "<group>";
		};
/* End PBXVariantGroup section */

/* Begin XCBuildConfiguration section */
		4CBF17702AB5F177001F7984 /* Debug */ = {
			isa = XCBuildConfiguration;
			buildSettings = {
				ALWAYS_SEARCH_USER_PATHS = NO;
				CLANG_ANALYZER_NONNULL = YES;
				CLANG_ANALYZER_NUMBER_OBJECT_CONVERSION = YES_AGGRESSIVE;
				CLANG_CXX_LANGUAGE_STANDARD = "gnu++20";
				CLANG_ENABLE_MODULES = YES;
				CLANG_ENABLE_OBJC_ARC = YES;
				CLANG_ENABLE_OBJC_WEAK = YES;
				CLANG_WARN_BLOCK_CAPTURE_AUTORELEASING = YES;
				CLANG_WARN_BOOL_CONVERSION = YES;
				CLANG_WARN_COMMA = YES;
				CLANG_WARN_CONSTANT_CONVERSION = YES;
				CLANG_WARN_DEPRECATED_OBJC_IMPLEMENTATIONS = YES;
				CLANG_WARN_DIRECT_OBJC_ISA_USAGE = YES_ERROR;
				CLANG_WARN_DOCUMENTATION_COMMENTS = YES;
				CLANG_WARN_EMPTY_BODY = YES;
				CLANG_WARN_ENUM_CONVERSION = YES;
				CLANG_WARN_INFINITE_RECURSION = YES;
				CLANG_WARN_INT_CONVERSION = YES;
				CLANG_WARN_NON_LITERAL_NULL_CONVERSION = YES;
				CLANG_WARN_OBJC_IMPLICIT_RETAIN_SELF = YES;
				CLANG_WARN_OBJC_LITERAL_CONVERSION = YES;
				CLANG_WARN_OBJC_ROOT_CLASS = YES_ERROR;
				CLANG_WARN_QUOTED_INCLUDE_IN_FRAMEWORK_HEADER = YES;
				CLANG_WARN_RANGE_LOOP_ANALYSIS = YES;
				CLANG_WARN_STRICT_PROTOTYPES = YES;
				CLANG_WARN_SUSPICIOUS_MOVE = YES;
				CLANG_WARN_UNGUARDED_AVAILABILITY = YES_AGGRESSIVE;
				CLANG_WARN_UNREACHABLE_CODE = YES;
				CLANG_WARN__DUPLICATE_METHOD_MATCH = YES;
				COPY_PHASE_STRIP = NO;
				DEAD_CODE_STRIPPING = YES;
				DEBUG_INFORMATION_FORMAT = dwarf;
				ENABLE_STRICT_OBJC_MSGSEND = YES;
				ENABLE_TESTABILITY = YES;
				ENABLE_USER_SCRIPT_SANDBOXING = YES;
				GCC_C_LANGUAGE_STANDARD = gnu11;
				GCC_DYNAMIC_NO_PIC = NO;
				GCC_NO_COMMON_BLOCKS = YES;
				GCC_OPTIMIZATION_LEVEL = 0;
				GCC_PREPROCESSOR_DEFINITIONS = (
					"DEBUG=1",
					"$(inherited)",
				);
				GCC_WARN_64_TO_32_BIT_CONVERSION = YES;
				GCC_WARN_ABOUT_RETURN_TYPE = YES_ERROR;
				GCC_WARN_UNDECLARED_SELECTOR = YES;
				GCC_WARN_UNINITIALIZED_AUTOS = YES_AGGRESSIVE;
				GCC_WARN_UNUSED_FUNCTION = YES;
				GCC_WARN_UNUSED_VARIABLE = YES;
				MACOSX_DEPLOYMENT_TARGET = 13.3;
				MTL_ENABLE_DEBUG_INFO = INCLUDE_SOURCE;
				MTL_FAST_MATH = YES;
				ONLY_ACTIVE_ARCH = YES;
				SDKROOT = macosx;
			};
			name = Debug;
		};
		4CBF17712AB5F177001F7984 /* Release */ = {
			isa = XCBuildConfiguration;
			buildSettings = {
				ALWAYS_SEARCH_USER_PATHS = NO;
				CLANG_ANALYZER_NONNULL = YES;
				CLANG_ANALYZER_NUMBER_OBJECT_CONVERSION = YES_AGGRESSIVE;
				CLANG_CXX_LANGUAGE_STANDARD = "gnu++20";
				CLANG_ENABLE_MODULES = YES;
				CLANG_ENABLE_OBJC_ARC = YES;
				CLANG_ENABLE_OBJC_WEAK = YES;
				CLANG_WARN_BLOCK_CAPTURE_AUTORELEASING = YES;
				CLANG_WARN_BOOL_CONVERSION = YES;
				CLANG_WARN_COMMA = YES;
				CLANG_WARN_CONSTANT_CONVERSION = YES;
				CLANG_WARN_DEPRECATED_OBJC_IMPLEMENTATIONS = YES;
				CLANG_WARN_DIRECT_OBJC_ISA_USAGE = YES_ERROR;
				CLANG_WARN_DOCUMENTATION_COMMENTS = YES;
				CLANG_WARN_EMPTY_BODY = YES;
				CLANG_WARN_ENUM_CONVERSION = YES;
				CLANG_WARN_INFINITE_RECURSION = YES;
				CLANG_WARN_INT_CONVERSION = YES;
				CLANG_WARN_NON_LITERAL_NULL_CONVERSION = YES;
				CLANG_WARN_OBJC_IMPLICIT_RETAIN_SELF = YES;
				CLANG_WARN_OBJC_LITERAL_CONVERSION = YES;
				CLANG_WARN_OBJC_ROOT_CLASS = YES_ERROR;
				CLANG_WARN_QUOTED_INCLUDE_IN_FRAMEWORK_HEADER = YES;
				CLANG_WARN_RANGE_LOOP_ANALYSIS = YES;
				CLANG_WARN_STRICT_PROTOTYPES = YES;
				CLANG_WARN_SUSPICIOUS_MOVE = YES;
				CLANG_WARN_UNGUARDED_AVAILABILITY = YES_AGGRESSIVE;
				CLANG_WARN_UNREACHABLE_CODE = YES;
				CLANG_WARN__DUPLICATE_METHOD_MATCH = YES;
				COPY_PHASE_STRIP = NO;
				DEAD_CODE_STRIPPING = YES;
				DEBUG_INFORMATION_FORMAT = "dwarf-with-dsym";
				ENABLE_NS_ASSERTIONS = NO;
				ENABLE_STRICT_OBJC_MSGSEND = YES;
				ENABLE_USER_SCRIPT_SANDBOXING = YES;
				GCC_C_LANGUAGE_STANDARD = gnu11;
				GCC_NO_COMMON_BLOCKS = YES;
				GCC_WARN_64_TO_32_BIT_CONVERSION = YES;
				GCC_WARN_ABOUT_RETURN_TYPE = YES_ERROR;
				GCC_WARN_UNDECLARED_SELECTOR = YES;
				GCC_WARN_UNINITIALIZED_AUTOS = YES_AGGRESSIVE;
				GCC_WARN_UNUSED_FUNCTION = YES;
				GCC_WARN_UNUSED_VARIABLE = YES;
				MACOSX_DEPLOYMENT_TARGET = 13.3;
				MTL_ENABLE_DEBUG_INFO = NO;
				MTL_FAST_MATH = YES;
				SDKROOT = macosx;
			};
			name = Release;
		};
		4CBF17732AB5F177001F7984 /* Debug */ = {
			isa = XCBuildConfiguration;
			buildSettings = {
				ASSETCATALOG_COMPILER_APPICON_NAME = AppIcon;
				ASSETCATALOG_COMPILER_GLOBAL_ACCENT_COLOR_NAME = AccentColor;
				CODE_SIGN_ENTITLEMENTS = Bothlin/Bothlin.entitlements;
				CODE_SIGN_STYLE = Automatic;
				COMBINE_HIDPI_IMAGES = YES;
				CURRENT_PROJECT_VERSION = 1;
				DEAD_CODE_STRIPPING = YES;
				DEVELOPMENT_TEAM = RBAHCJXK46;
				ENABLE_HARDENED_RUNTIME = YES;
				GENERATE_INFOPLIST_FILE = YES;
				INFOPLIST_KEY_NSHumanReadableCopyright = "";
				INFOPLIST_KEY_NSMainNibFile = MainMenu;
				INFOPLIST_KEY_NSPrincipalClass = NSApplication;
				LD_RUNPATH_SEARCH_PATHS = (
					"$(inherited)",
					"@executable_path/../Frameworks",
				);
				MARKETING_VERSION = 1.0;
				PRODUCT_BUNDLE_IDENTIFIER = com.digitalflapjack.Bothlin;
				PRODUCT_NAME = "$(TARGET_NAME)";
				SWIFT_EMIT_LOC_STRINGS = YES;
			};
			name = Debug;
		};
		4CBF17742AB5F177001F7984 /* Release */ = {
			isa = XCBuildConfiguration;
			buildSettings = {
				ASSETCATALOG_COMPILER_APPICON_NAME = AppIcon;
				ASSETCATALOG_COMPILER_GLOBAL_ACCENT_COLOR_NAME = AccentColor;
				CODE_SIGN_ENTITLEMENTS = Bothlin/Bothlin.entitlements;
				CODE_SIGN_STYLE = Automatic;
				COMBINE_HIDPI_IMAGES = YES;
				CURRENT_PROJECT_VERSION = 1;
				DEAD_CODE_STRIPPING = YES;
				DEVELOPMENT_TEAM = RBAHCJXK46;
				ENABLE_HARDENED_RUNTIME = YES;
				GENERATE_INFOPLIST_FILE = YES;
				INFOPLIST_KEY_NSHumanReadableCopyright = "";
				INFOPLIST_KEY_NSMainNibFile = MainMenu;
				INFOPLIST_KEY_NSPrincipalClass = NSApplication;
				LD_RUNPATH_SEARCH_PATHS = (
					"$(inherited)",
					"@executable_path/../Frameworks",
				);
				MARKETING_VERSION = 1.0;
				PRODUCT_BUNDLE_IDENTIFIER = com.digitalflapjack.Bothlin;
				PRODUCT_NAME = "$(TARGET_NAME)";
				SWIFT_EMIT_LOC_STRINGS = YES;
			};
			name = Release;
		};
		4CBF17762AB5F177001F7984 /* Debug */ = {
			isa = XCBuildConfiguration;
			buildSettings = {
				BUNDLE_LOADER = "$(TEST_HOST)";
				CODE_SIGN_STYLE = Automatic;
				CURRENT_PROJECT_VERSION = 1;
				DEAD_CODE_STRIPPING = YES;
				DEVELOPMENT_TEAM = RBAHCJXK46;
				GENERATE_INFOPLIST_FILE = YES;
				MACOSX_DEPLOYMENT_TARGET = 13.3;
				MARKETING_VERSION = 1.0;
				PRODUCT_BUNDLE_IDENTIFIER = com.digitalflapjack.OldSkoolTests;
				PRODUCT_NAME = "$(TARGET_NAME)";
				SWIFT_EMIT_LOC_STRINGS = NO;
				TEST_HOST = "$(BUILT_PRODUCTS_DIR)/Bothlin.app/$(BUNDLE_EXECUTABLE_FOLDER_PATH)/Bothlin";
			};
			name = Debug;
		};
		4CBF17772AB5F177001F7984 /* Release */ = {
			isa = XCBuildConfiguration;
			buildSettings = {
				BUNDLE_LOADER = "$(TEST_HOST)";
				CODE_SIGN_STYLE = Automatic;
				CURRENT_PROJECT_VERSION = 1;
				DEAD_CODE_STRIPPING = YES;
				DEVELOPMENT_TEAM = RBAHCJXK46;
				GENERATE_INFOPLIST_FILE = YES;
				MACOSX_DEPLOYMENT_TARGET = 13.3;
				MARKETING_VERSION = 1.0;
				PRODUCT_BUNDLE_IDENTIFIER = com.digitalflapjack.OldSkoolTests;
				PRODUCT_NAME = "$(TARGET_NAME)";
				SWIFT_EMIT_LOC_STRINGS = NO;
				TEST_HOST = "$(BUILT_PRODUCTS_DIR)/Bothlin.app/$(BUNDLE_EXECUTABLE_FOLDER_PATH)/Bothlin";
			};
			name = Release;
		};
		4CBF17792AB5F177001F7984 /* Debug */ = {
			isa = XCBuildConfiguration;
			buildSettings = {
				CODE_SIGN_STYLE = Automatic;
				CURRENT_PROJECT_VERSION = 1;
				DEAD_CODE_STRIPPING = YES;
				DEVELOPMENT_TEAM = RBAHCJXK46;
				GENERATE_INFOPLIST_FILE = YES;
				MARKETING_VERSION = 1.0;
				PRODUCT_BUNDLE_IDENTIFIER = com.digitalflapjack.OldSkoolUITests;
				PRODUCT_NAME = "$(TARGET_NAME)";
				SWIFT_EMIT_LOC_STRINGS = NO;
				TEST_TARGET_NAME = OldSkool;
			};
			name = Debug;
		};
		4CBF177A2AB5F177001F7984 /* Release */ = {
			isa = XCBuildConfiguration;
			buildSettings = {
				CODE_SIGN_STYLE = Automatic;
				CURRENT_PROJECT_VERSION = 1;
				DEAD_CODE_STRIPPING = YES;
				DEVELOPMENT_TEAM = RBAHCJXK46;
				GENERATE_INFOPLIST_FILE = YES;
				MARKETING_VERSION = 1.0;
				PRODUCT_BUNDLE_IDENTIFIER = com.digitalflapjack.OldSkoolUITests;
				PRODUCT_NAME = "$(TARGET_NAME)";
				SWIFT_EMIT_LOC_STRINGS = NO;
				TEST_TARGET_NAME = OldSkool;
			};
			name = Release;
		};
/* End XCBuildConfiguration section */

/* Begin XCConfigurationList section */
		4CBF17472AB5F176001F7984 /* Build configuration list for PBXProject "Bothlin" */ = {
			isa = XCConfigurationList;
			buildConfigurations = (
				4CBF17702AB5F177001F7984 /* Debug */,
				4CBF17712AB5F177001F7984 /* Release */,
			);
			defaultConfigurationIsVisible = 0;
			defaultConfigurationName = Release;
		};
		4CBF17722AB5F177001F7984 /* Build configuration list for PBXNativeTarget "Bothlin" */ = {
			isa = XCConfigurationList;
			buildConfigurations = (
				4CBF17732AB5F177001F7984 /* Debug */,
				4CBF17742AB5F177001F7984 /* Release */,
			);
			defaultConfigurationIsVisible = 0;
			defaultConfigurationName = Release;
		};
		4CBF17752AB5F177001F7984 /* Build configuration list for PBXNativeTarget "BothlinTests" */ = {
			isa = XCConfigurationList;
			buildConfigurations = (
				4CBF17762AB5F177001F7984 /* Debug */,
				4CBF17772AB5F177001F7984 /* Release */,
			);
			defaultConfigurationIsVisible = 0;
			defaultConfigurationName = Release;
		};
		4CBF17782AB5F177001F7984 /* Build configuration list for PBXNativeTarget "BothlinUITests" */ = {
			isa = XCConfigurationList;
			buildConfigurations = (
				4CBF17792AB5F177001F7984 /* Debug */,
				4CBF177A2AB5F177001F7984 /* Release */,
			);
			defaultConfigurationIsVisible = 0;
			defaultConfigurationName = Release;
		};
/* End XCConfigurationList section */

/* Begin XCVersionGroup section */
		4CB886662ABB67E100968B0F /* LibraryModel.xcdatamodeld */ = {
			isa = XCVersionGroup;
			children = (
				4CB886672ABB67E100968B0F /* LibraryModel.xcdatamodel */,
			);
			currentVersion = 4CB886672ABB67E100968B0F /* LibraryModel.xcdatamodel */;
			path = LibraryModel.xcdatamodeld;
			sourceTree = "<group>";
			versionGroupType = wrapper.xcdatamodel;
		};
/* End XCVersionGroup section */
	};
	rootObject = 4CBF17442AB5F176001F7984 /* Project object */;
}
